# @generated - this file is auto-generated by `mise lock` https://mise.jdx.dev/dev-tools/mise-lock.html

lockfile_version = 3

[[tools."aqua:biomejs/biome"]]
version = "2.5.15"
backend = "aqua:biomejs/biome"
specifiers = ["2.5.15"]

[tools."aqua:biomejs/biome"."platforms.linux-arm64"]
checksum = "sha256:a56bcd73ddbfdb0f57a82bb67b7ea698eed4027aff602b95aa18fafe919d59e0"
url = "https://github.com/biomejs/biome/releases/download/%40biomejs/biome%402.5.15/biome-linux-arm64"
url_api = "https://api.github.com/repos/biomejs/biome/releases/assets/601227632"
provenance = "github-attestations"

[tools."aqua:biomejs/biome"."platforms.linux-arm64-musl"]
checksum = "sha256:a56bcd73ddbfdb0f57a82bb67b7ea698eed4027aff602b95aa18fafe919d59e0"
url = "https://github.com/biomejs/biome/releases/download/%40biomejs/biome%402.5.15/biome-linux-arm64"
url_api = "https://api.github.com/repos/biomejs/biome/releases/assets/601227632"
provenance = "github-attestations"

[tools."aqua:biomejs/biome"."platforms.linux-x64"]
checksum = "sha256:5d867a0b2ccea1755b7e508b01d836a8c64e31a1e4d11ec24b43b6b4eec8b3b6"
url = "https://github.com/biomejs/biome/releases/download/%40biomejs/biome%402.5.15/biome-linux-x64"
url_api = "https://api.github.com/repos/biomejs/biome/releases/assets/601227626"
provenance = "github-attestations"

[tools."aqua:biomejs/biome"."platforms.linux-x64-musl"]
checksum = "sha256:5d867a0b2ccea1755b7e508b01d836a8c64e31a1e4d11ec24b43b6b4eec8b3b6"
url = "https://github.com/biomejs/biome/releases/download/%40biomejs/biome%402.5.15/biome-linux-x64"
url_api = "https://api.github.com/repos/biomejs/biome/releases/assets/601227626"
provenance = "github-attestations"

[tools."aqua:biomejs/biome"."platforms.macos-arm64"]
checksum = "sha256:3636796d8c78bfcfe0d45946dc93e21e12d27a49eba7401e18af1ea854d25503"
url = "https://github.com/biomejs/biome/releases/download/%40biomejs/biome%402.5.15/biome-darwin-arm64"
url_api = "https://api.github.com/repos/biomejs/biome/releases/assets/601227628"
provenance = "github-attestations"

[tools."aqua:biomejs/biome"."platforms.macos-x64"]
checksum = "sha256:86fc618563d19f373ac24eb5b8f1e41bd753a506d5df1f198c152ec365141490"
url = "https://github.com/biomejs/biome/releases/download/%40biomejs/biome%402.5.15/biome-darwin-x64"
url_api = "https://api.github.com/repos/biomejs/biome/releases/assets/601227623"
provenance = "github-attestations"

[tools."aqua:biomejs/biome"."platforms.windows-x64"]
checksum = "sha256:f2beadee753b78fe76081158123538be886a31b5e67a34863e42535f3f491926"
url = "https://github.com/biomejs/biome/releases/download/%40biomejs/biome%402.5.15/biome-win32-x64.exe"
url_api = "https://api.github.com/repos/biomejs/biome/releases/assets/601227624"
provenance = "github-attestations"
